{
  "originHash" : "bc4dce0f2bd9d17c6ce2ea7906702af2e3127403aa2d278dc13e516d168d0899",
  "pins" : [
    {
      "identity" : "async-http-client",
      "kind" : "remoteSourceControl",
      "location" : "https://github.com/swift-server/async-http-client.git",
      "state" : {
        "revision" : "a22083713ee90808d527d0baa290c2fb13ca3096",
        "version" : "1.21.1"
      }
    },
    {
      "identity" : "file-manager-kit",
      "kind" : "remoteSourceControl",
      "location" : "https://github.com/BinaryBirds/file-manager-kit",
      "state" : {
        "revision" : "3469a9b2d3204a78136e51557e684bccd3ad03e9",
        "version" : "0.1.0"
      }
    },
    {
      "identity" : "hummingbird",
      "kind" : "remoteSourceControl",
      "location" : "https://github.com/hummingbird-project/hummingbird.git",
      "state" : {
        "revision" : "23bedac5340dc34f32e6e327556df1d11bc94be1",
        "version" : "2.0.0-beta.4"
      }
    },
    {
      "identity" : "swift-algorithms",
      "kind" : "remoteSourceControl",
      "location" : "https://github.com/apple/swift-algorithms",
      "state" : {
        "revision" : "f6919dfc309e7f1b56224378b11e28bab5bccc42",
        "version" : "1.2.0"
      }
    },
    {
      "identity" : "swift-async-algorithms",
      "kind" : "remoteSourceControl",
      "location" : "https://github.com/apple/swift-async-algorithms.git",
      "state" : {
        "revision" : "da4e36f86544cdf733a40d59b3a2267e3a7bbf36",
        "version" : "1.0.0"
      }
    },
    {
      "identity" : "swift-atomics",
      "kind" : "remoteSourceControl",
      "location" : "https://github.com/apple/swift-atomics.git",
      "state" : {
        "revision" : "cd142fd2f64be2100422d658e7411e39489da985",
        "version" : "1.2.0"
      }
    },
    {
      "identity" : "swift-collections",
      "kind" : "remoteSourceControl",
      "location" : "https://github.com/apple/swift-collections.git",
      "state" : {
        "revision" : "94cf62b3ba8d4bed62680a282d4c25f9c63c2efb",
        "version" : "1.1.0"
      }
    },
    {
      "identity" : "swift-distributed-tracing",
      "kind" : "remoteSourceControl",
      "location" : "https://github.com/apple/swift-distributed-tracing.git",
      "state" : {
        "revision" : "7fbb8b23b77ee548b3d0686b6faf735c1b3c7cb8",
        "version" : "1.1.0"
      }
    },
    {
      "identity" : "swift-http-types",
      "kind" : "remoteSourceControl",
      "location" : "https://github.com/apple/swift-http-types.git",
      "state" : {
        "revision" : "12358d55a3824bd5fed310b999ea8cf83a9a1a65",
        "version" : "1.0.3"
      }
    },
    {
      "identity" : "swift-log",
      "kind" : "remoteSourceControl",
      "location" : "https://github.com/apple/swift-log.git",
      "state" : {
        "revision" : "e97a6fcb1ab07462881ac165fdbb37f067e205d5",
        "version" : "1.5.4"
      }
    },
    {
      "identity" : "swift-metrics",
      "kind" : "remoteSourceControl",
      "location" : "https://github.com/apple/swift-metrics.git",
      "state" : {
        "revision" : "971ba26378ab69c43737ee7ba967a896cb74c0d1",
        "version" : "2.4.1"
      }
    },
    {
      "identity" : "swift-mustache",
      "kind" : "remoteSourceControl",
      "location" : "https://github.com/hummingbird-project/swift-mustache.git",
      "state" : {
        "revision" : "2663d13ea7c50a8ee2178732895283246fd91b4e",
        "version" : "2.0.0-beta.1"
      }
    },
    {
      "identity" : "swift-nio",
      "kind" : "remoteSourceControl",
      "location" : "https://github.com/apple/swift-nio.git",
      "state" : {
        "revision" : "359c461e5561d22c6334828806cc25d759ca7aa6",
        "version" : "2.65.0"
      }
    },
    {
      "identity" : "swift-nio-extras",
      "kind" : "remoteSourceControl",
      "location" : "https://github.com/apple/swift-nio-extras.git",
      "state" : {
        "revision" : "a3b640d7dc567225db7c94386a6e71aded1bfa63",
        "version" : "1.22.0"
      }
    },
    {
      "identity" : "swift-nio-http2",
      "kind" : "remoteSourceControl",
      "location" : "https://github.com/apple/swift-nio-http2.git",
      "state" : {
        "revision" : "c6afe04165c865faaa687b42c32ed76dfcc91076",
        "version" : "1.31.0"
      }
    },
    {
      "identity" : "swift-nio-ssl",
      "kind" : "remoteSourceControl",
      "location" : "https://github.com/apple/swift-nio-ssl.git",
      "state" : {
        "revision" : "7c381eb6083542b124a6c18fae742f55001dc2b5",
        "version" : "2.26.0"
      }
    },
    {
      "identity" : "swift-nio-transport-services",
      "kind" : "remoteSourceControl",
      "location" : "https://github.com/apple/swift-nio-transport-services.git",
      "state" : {
        "revision" : "6cbe0ed2b394f21ab0d46b9f0c50c6be964968ce",
        "version" : "1.20.1"
      }
    },
    {
      "identity" : "swift-numerics",
      "kind" : "remoteSourceControl",
      "location" : "https://github.com/apple/swift-numerics.git",
      "state" : {
        "revision" : "0a5bc04095a675662cf24757cc0640aa2204253b",
        "version" : "1.0.2"
      }
    },
    {
      "identity" : "swift-service-context",
      "kind" : "remoteSourceControl",
      "location" : "https://github.com/apple/swift-service-context.git",
      "state" : {
        "revision" : "ce0141c8f123132dbd02fd45fea448018762df1b",
        "version" : "1.0.0"
      }
    },
    {
      "identity" : "swift-service-lifecycle",
      "kind" : "remoteSourceControl",
      "location" : "https://github.com/swift-server/swift-service-lifecycle.git",
      "state" : {
        "revision" : "12a031bcc1284c64d6b847f5013ffe6dcca964d0",
        "version" : "2.5.0"
      }
    },
    {
      "identity" : "swift-system",
      "kind" : "remoteSourceControl",
      "location" : "https://github.com/apple/swift-system.git",
      "state" : {
        "revision" : "025bcb1165deab2e20d4eaba79967ce73013f496",
        "version" : "1.2.1"
      }
    },
    {
      "identity" : "yams",
      "kind" : "remoteSourceControl",
      "location" : "https://github.com/jpsim/Yams.git",
      "state" : {
        "revision" : "9234124cff5e22e178988c18d8b95a8ae8007f76",
        "version" : "5.1.2"
      }
    }
  ],
  "version" : 3
}
